
Microsoft Visual Studio Solution File, Format Version 12.00
# Visual Studio Version 16
VisualStudioVersion = 16.0.31321.278
MinimumVisualStudioVersion = 10.0.40219.1
Project("{FAE04EC0-301F-11D3-BF4B-00C04F79EFBC}") = "DisableFadein", "DisableFadein.csproj", "{AFD18BCA-5A50-4C1F-A903-3D788B934EDD}"
EndProject
Global
	GlobalSection(SolutionConfigurationPlatforms) = preSolution
		Debug|Any CPU = Debug|Any CPU
		Release|Any CPU = Release|Any CPU
	EndGlobalSection
	GlobalSection(ProjectConfigurationPlatforms) = postSolution
		{AFD18BCA-5A50-4C1F-A903-3D788B934EDD}.Debug|Any CPU.ActiveCfg = Debug|Any CPU
		{AFD18BCA-5A50-4C1F-A903-3D788B934EDD}.Debug|Any CPU.Build.0 = Debug|Any CPU
		{AFD18BCA-5A50-4C1F-A903-3D788B934EDD}.Release|Any CPU.ActiveCfg = Release|Any CPU
		{AFD18BCA-5A50-4C1F-A903-3D788B934EDD}.Release|Any CPU.Build.0 = Release|Any CPU
	EndGlobalSection
	GlobalSection(SolutionProperties) = preSolution
		HideSolutionNode = FALSE
	EndGlobalSection
	GlobalSection(ExtensibilityGlobals) = postSolution
		SolutionGuid = {F1A71C64-3E2A-4A03-8995-FBC6A6C3B781}
	EndGlobalSection
EndGlobal
